
Microsoft Visual Studio Solution File, Format Version 12.00
# Visual Studio 14
VisualStudioVersion = 14.0.25420.1
MinimumVisualStudioVersion = 10.0.40219.1
Project("{8BC9CEB8-8B4A-11D0-8D11-00A0C91BC942}") = "RussiaAICup2016", "RussiaAICup2016\RussiaAICup2016.vcxproj", "{0A41B792-A99A-47AF-8C0A-03B93D0BC68B}"
EndProject
Project("{8BC9CEB8-8B4A-11D0-8D11-00A0C91BC942}") = "cpp-cgdk", "..\..\cpp-cgdk\cpp-cgdk.vcxproj", "{2CE92CD0-B49B-4C6D-B8EE-F1EC4D0A9398}"
	ProjectSection(ProjectDependencies) = postProject
		{0A41B792-A99A-47AF-8C0A-03B93D0BC68B} = {0A41B792-A99A-47AF-8C0A-03B93D0BC68B}
	EndProjectSection
EndProject
Global
	GlobalSection(SolutionConfigurationPlatforms) = preSolution
		Debug|x64 = Debug|x64
		Debug|x86 = Debug|x86
		DebugFast|x64 = DebugFast|x64
		DebugFast|x86 = DebugFast|x86
		Release|x64 = Release|x64
		Release|x86 = Release|x86
		ReleaseWithVisualizator|x64 = ReleaseWithVisualizator|x64
		ReleaseWithVisualizator|x86 = ReleaseWithVisualizator|x86
	EndGlobalSection
	GlobalSection(ProjectConfigurationPlatforms) = postSolution
		{0A41B792-A99A-47AF-8C0A-03B93D0BC68B}.Debug|x64.ActiveCfg = Debug|x64
		{0A41B792-A99A-47AF-8C0A-03B93D0BC68B}.Debug|x64.Build.0 = Debug|x64
		{0A41B792-A99A-47AF-8C0A-03B93D0BC68B}.Debug|x86.ActiveCfg = Debug|Win32
		{0A41B792-A99A-47AF-8C0A-03B93D0BC68B}.Debug|x86.Build.0 = Debug|Win32
		{0A41B792-A99A-47AF-8C0A-03B93D0BC68B}.DebugFast|x64.ActiveCfg = DebugFast|x64
		{0A41B792-A99A-47AF-8C0A-03B93D0BC68B}.DebugFast|x64.Build.0 = DebugFast|x64
		{0A41B792-A99A-47AF-8C0A-03B93D0BC68B}.DebugFast|x86.ActiveCfg = DebugFast|Win32
		{0A41B792-A99A-47AF-8C0A-03B93D0BC68B}.DebugFast|x86.Build.0 = DebugFast|Win32
		{0A41B792-A99A-47AF-8C0A-03B93D0BC68B}.Release|x64.ActiveCfg = Release|x64
		{0A41B792-A99A-47AF-8C0A-03B93D0BC68B}.Release|x64.Build.0 = Release|x64
		{0A41B792-A99A-47AF-8C0A-03B93D0BC68B}.Release|x86.ActiveCfg = Release|Win32
		{0A41B792-A99A-47AF-8C0A-03B93D0BC68B}.Release|x86.Build.0 = Release|Win32
		{0A41B792-A99A-47AF-8C0A-03B93D0BC68B}.ReleaseWithVisualizator|x64.ActiveCfg = ReleaseWithVisualizator|x64
		{0A41B792-A99A-47AF-8C0A-03B93D0BC68B}.ReleaseWithVisualizator|x64.Build.0 = ReleaseWithVisualizator|x64
		{0A41B792-A99A-47AF-8C0A-03B93D0BC68B}.ReleaseWithVisualizator|x86.ActiveCfg = Release|Win32
		{0A41B792-A99A-47AF-8C0A-03B93D0BC68B}.ReleaseWithVisualizator|x86.Build.0 = Release|Win32
		{2CE92CD0-B49B-4C6D-B8EE-F1EC4D0A9398}.Debug|x64.ActiveCfg = Debug|x64
		{2CE92CD0-B49B-4C6D-B8EE-F1EC4D0A9398}.Debug|x64.Build.0 = Debug|x64
		{2CE92CD0-B49B-4C6D-B8EE-F1EC4D0A9398}.Debug|x86.ActiveCfg = Debug|Win32
		{2CE92CD0-B49B-4C6D-B8EE-F1EC4D0A9398}.Debug|x86.Build.0 = Debug|Win32
		{2CE92CD0-B49B-4C6D-B8EE-F1EC4D0A9398}.DebugFast|x64.ActiveCfg = DebugFast|x64
		{2CE92CD0-B49B-4C6D-B8EE-F1EC4D0A9398}.DebugFast|x64.Build.0 = DebugFast|x64
		{2CE92CD0-B49B-4C6D-B8EE-F1EC4D0A9398}.DebugFast|x86.ActiveCfg = DebugFast|Win32
		{2CE92CD0-B49B-4C6D-B8EE-F1EC4D0A9398}.DebugFast|x86.Build.0 = DebugFast|Win32
		{2CE92CD0-B49B-4C6D-B8EE-F1EC4D0A9398}.Release|x64.ActiveCfg = Release|x64
		{2CE92CD0-B49B-4C6D-B8EE-F1EC4D0A9398}.Release|x64.Build.0 = Release|x64
		{2CE92CD0-B49B-4C6D-B8EE-F1EC4D0A9398}.Release|x86.ActiveCfg = Release|Win32
		{2CE92CD0-B49B-4C6D-B8EE-F1EC4D0A9398}.Release|x86.Build.0 = Release|Win32
		{2CE92CD0-B49B-4C6D-B8EE-F1EC4D0A9398}.ReleaseWithVisualizator|x64.ActiveCfg = Release|x64
		{2CE92CD0-B49B-4C6D-B8EE-F1EC4D0A9398}.ReleaseWithVisualizator|x64.Build.0 = Release|x64
		{2CE92CD0-B49B-4C6D-B8EE-F1EC4D0A9398}.ReleaseWithVisualizator|x86.ActiveCfg = Release|Win32
		{2CE92CD0-B49B-4C6D-B8EE-F1EC4D0A9398}.ReleaseWithVisualizator|x86.Build.0 = Release|Win32
	EndGlobalSection
	GlobalSection(SolutionProperties) = preSolution
		HideSolutionNode = FALSE
	EndGlobalSection
EndGlobal
