<?xml version="1.0" encoding="utf-8"?>
<Project ToolsVersion="4.0" xmlns="http://schemas.microsoft.com/developer/msbuild/2003">
  <ItemGroup>
    <Filter Include="Sources">
      <UniqueIdentifier>{179d8c93-5e94-419e-a126-635c52f04366}</UniqueIdentifier>
    </Filter>
    <Filter Include="Sources\Common">
      <UniqueIdentifier>{5d0d7a16-d806-4c6f-adde-753498eb35e4}</UniqueIdentifier>
    </Filter>
  </ItemGroup>
  <ItemGroup>
    <ClCompile Include="..\Sources\Common\Extensions.cpp">
      <Filter>Sources\Common</Filter>
    </ClCompile>
    <ClCompile Include="..\Sources\Common\Logger.cpp">
      <Filter>Sources\Common</Filter>
    </ClCompile>
    <ClCompile Include="..\Sources\MyStrategy.cpp">
      <Filter>Sources</Filter>
    </ClCompile>
  </ItemGroup>
  <ItemGroup>
    <ClInclude Include="..\Sources\Common\Extensions.h">
      <Filter>Sources\Common</Filter>
    </ClInclude>
    <ClInclude Include="..\Sources\Common\Vector2D.h">
      <Filter>Sources\Common</Filter>
    </ClInclude>
    <ClInclude Include="..\Sources\Common\Logger.h">
      <Filter>Sources\Common</Filter>
    </ClInclude>
    <ClInclude Include="..\Sources\Common\Singleton.h">
      <Filter>Sources\Common</Filter>
    </ClInclude>
    <ClInclude Include="..\Sources\MyStrategy.h">
      <Filter>Sources</Filter>
    </ClInclude>
  </ItemGroup>
  <ItemGroup>
    <None Include="..\..\..\local-runner\read.me" />
    <None Include="..\..\..\local-runner\local-runner.properties" />
  </ItemGroup>
</Project>