<?xml version="1.0" encoding="utf-8"?>
<Project ToolsVersion="4.0" xmlns="http://schemas.microsoft.com/developer/msbuild/2003">
  <ItemGroup>
    <Filter Include="Sources">
      <UniqueIdentifier>{179d8c93-5e94-419e-a126-635c52f04366}</UniqueIdentifier>
    </Filter>
    <Filter Include="Sources\Common">
      <UniqueIdentifier>{5d0d7a16-d806-4c6f-adde-753498eb35e4}</UniqueIdentifier>
    </Filter>
    <Filter Include="Sources\Environment">
      <UniqueIdentifier>{66b203dc-f43a-465c-8f5a-c00cbfff17dd}</UniqueIdentifier>
    </Filter>
    <Filter Include="Sources\Command">
      <UniqueIdentifier>{4200eb28-3d4d-450e-9a24-6116f5bbc000}</UniqueIdentifier>
    </Filter>
    <Filter Include="Sources\Command\Commands">
      <UniqueIdentifier>{2c5c1f33-d97c-4da6-bc54-851845ece8e6}</UniqueIdentifier>
    </Filter>
    <Filter Include="Sources\Command\Commands\move">
      <UniqueIdentifier>{3ddd92c6-8814-43bc-8093-ed2cdbf323b6}</UniqueIdentifier>
    </Filter>
    <Filter Include="Sources\Command\Commands\attack">
      <UniqueIdentifier>{54391f04-b1dc-4a05-985d-0ab2da9eba2a}</UniqueIdentifier>
    </Filter>
    <Filter Include="Sources\Command\Commands\defend">
      <UniqueIdentifier>{255ef864-e49f-447a-926d-6e6124fab042}</UniqueIdentifier>
    </Filter>
    <Filter Include="Sources\Visualizator">
      <UniqueIdentifier>{e8f6dca2-3e3b-4e3a-82c8-cd9045dcc10f}</UniqueIdentifier>
    </Filter>
    <Filter Include="Sources\Algorithms">
      <UniqueIdentifier>{6dd61bd5-c3cb-4700-a9a8-a050dcfbee75}</UniqueIdentifier>
    </Filter>
    <Filter Include="Sources\Strategy">
      <UniqueIdentifier>{8df97d1a-04b5-4462-9113-6db456c59991}</UniqueIdentifier>
    </Filter>
    <Filter Include="Sources\Strategy\Strategy">
      <UniqueIdentifier>{5216b356-06d4-490f-9615-4d75eaac506f}</UniqueIdentifier>
    </Filter>
    <Filter Include="Sources\Strategy\Strategy\Tests">
      <UniqueIdentifier>{d1193f53-97d9-4e9c-8792-d89d05c656f6}</UniqueIdentifier>
    </Filter>
    <Filter Include="Sources\Roles">
      <UniqueIdentifier>{9e3f5b50-366d-4ac0-8dbb-0909b396c6ce}</UniqueIdentifier>
    </Filter>
    <Filter Include="Sources\Command\Commands\cast">
      <UniqueIdentifier>{9c594fb6-9ec6-44ed-aee2-b7c3c7892ef9}</UniqueIdentifier>
    </Filter>
    <Filter Include="Sources\Tactics">
      <UniqueIdentifier>{f101329b-7276-41cc-8c87-dd0badb7b06a}</UniqueIdentifier>
    </Filter>
  </ItemGroup>
  <ItemGroup>
    <ClCompile Include="..\Sources\MyStrategy.cpp">
      <Filter>Sources</Filter>
    </ClCompile>
    <ClCompile Include="..\Sources\C_Logger.cpp">
      <Filter>Sources\Common</Filter>
    </ClCompile>
    <ClCompile Include="..\Sources\E_World.cpp">
      <Filter>Sources\Environment</Filter>
    </ClCompile>
    <ClCompile Include="..\Sources\CM_CommandFabric.cpp">
      <Filter>Sources\Command</Filter>
    </ClCompile>
    <ClCompile Include="..\Sources\CM_CommandFollow.cpp">
      <Filter>Sources\Command\Commands\move</Filter>
    </ClCompile>
    <ClCompile Include="..\Sources\CM_CommandMoveToLine.cpp">
      <Filter>Sources\Command\Commands\move</Filter>
    </ClCompile>
    <ClCompile Include="..\Sources\CM_CommandMoveToPoint.cpp">
      <Filter>Sources\Command\Commands\move</Filter>
    </ClCompile>
    <ClCompile Include="..\Sources\CM_CommandPool.cpp">
      <Filter>Sources\Command\Commands\attack</Filter>
    </ClCompile>
    <ClCompile Include="..\Sources\E_Game.cpp">
      <Filter>Sources\Environment</Filter>
    </ClCompile>
    <ClCompile Include="..\Sources\C_Math.cpp">
      <Filter>Sources\Common</Filter>
    </ClCompile>
    <ClCompile Include="..\Sources\Visualizator\Visualizator.cpp">
      <Filter>Sources\Visualizator</Filter>
    </ClCompile>
    <ClCompile Include="..\Sources\CM_CommandMoveGetExpirience.cpp">
      <Filter>Sources\Command\Commands\move</Filter>
    </ClCompile>
    <ClCompile Include="..\Sources\CM_CommandMoveToBonus.cpp">
      <Filter>Sources\Command\Commands\move</Filter>
    </ClCompile>
    <ClCompile Include="..\Sources\C_Extensions.cpp">
      <Filter>Sources\Common</Filter>
    </ClCompile>
    <ClCompile Include="..\Sources\A_Move.cpp">
      <Filter>Sources\Algorithms</Filter>
    </ClCompile>
    <ClCompile Include="..\Sources\A_Attack.cpp">
      <Filter>Sources\Algorithms</Filter>
    </ClCompile>
    <ClCompile Include="..\Sources\S_CommandStrategy.cpp">
      <Filter>Sources\Strategy</Filter>
    </ClCompile>
    <ClCompile Include="..\Sources\Tests\S_TestFollowStrategy.cpp">
      <Filter>Sources\Strategy\Strategy\Tests</Filter>
    </ClCompile>
    <ClCompile Include="..\Sources\Tests\S_TestMoveAndAttackStrategy.cpp">
      <Filter>Sources\Strategy\Strategy\Tests</Filter>
    </ClCompile>
    <ClCompile Include="..\Sources\Tests\S_TestMoveStrategy.cpp">
      <Filter>Sources\Strategy\Strategy\Tests</Filter>
    </ClCompile>
    <ClCompile Include="..\Sources\S_StrategyManager.cpp">
      <Filter>Sources\Strategy</Filter>
    </ClCompile>
    <ClCompile Include="..\Sources\CM_AttackCommand.h">
      <Filter>Sources\Command</Filter>
    </ClCompile>
    <ClCompile Include="..\Sources\A_Exec.cpp">
      <Filter>Sources\Algorithms</Filter>
    </ClCompile>
    <ClCompile Include="..\Sources\E_WorldObjects.cpp">
      <Filter>Sources\Environment</Filter>
    </ClCompile>
    <ClCompile Include="..\Sources\A_PathFinder.cpp">
      <Filter>Sources\Algorithms</Filter>
    </ClCompile>
    <ClCompile Include="..\Sources\E_Points.cpp">
      <Filter>Sources\Environment</Filter>
    </ClCompile>
    <ClCompile Include="..\Sources\E_HypotheticalEnemies.cpp">
      <Filter>Sources\Environment</Filter>
    </ClCompile>
    <ClCompile Include="..\Sources\E_InfluenceMap.cpp">
      <Filter>Sources\Environment</Filter>
    </ClCompile>
    <ClCompile Include="..\Sources\CM_MovePriorities.cpp">
      <Filter>Sources\Command\Commands</Filter>
    </ClCompile>
    <ClCompile Include="..\Sources\CM_AttackPriorities.cpp">
      <Filter>Sources\Command\Commands</Filter>
    </ClCompile>
    <ClCompile Include="..\Sources\E_Wizard.cpp">
      <Filter>Sources\Environment</Filter>
    </ClCompile>
    <ClCompile Include="..\Sources\CM_CommandFollowAttackEnemy.cpp">
      <Filter>Sources\Command\Commands\attack</Filter>
    </ClCompile>
    <ClCompile Include="..\Sources\CM_CommandAttackWizard.cpp">
      <Filter>Sources\Command\Commands\attack</Filter>
    </ClCompile>
    <ClCompile Include="..\Sources\CM_CommandAttackMinion.cpp">
      <Filter>Sources\Command\Commands\attack</Filter>
    </ClCompile>
    <ClCompile Include="..\Sources\CM_CommandAttackBuild.cpp">
      <Filter>Sources\Command\Commands\attack</Filter>
    </ClCompile>
    <ClCompile Include="..\Sources\CM_CommandAttackTree.cpp">
      <Filter>Sources\Command\Commands\attack</Filter>
    </ClCompile>
    <ClCompile Include="..\Sources\CM_CommandAttackFireball.cpp">
      <Filter>Sources\Command\Commands\attack</Filter>
    </ClCompile>
    <ClCompile Include="..\Sources\CM_CommandAttackFrostbolt.cpp">
      <Filter>Sources\Command\Commands\attack</Filter>
    </ClCompile>
    <ClCompile Include="..\Sources\CM_CommandAvoidMinion.cpp">
      <Filter>Sources\Command\Commands\defend</Filter>
    </ClCompile>
    <ClCompile Include="..\Sources\CM_CommandAvoidBuild.cpp">
      <Filter>Sources\Command\Commands\defend</Filter>
    </ClCompile>
    <ClCompile Include="..\Sources\CM_CommandAvoidWizard.cpp">
      <Filter>Sources\Command\Commands\defend</Filter>
    </ClCompile>
    <ClCompile Include="..\Sources\CM_CommandAvoidProjectile.cpp">
      <Filter>Sources\Command\Commands\defend</Filter>
    </ClCompile>
    <ClCompile Include="..\Sources\A_ChangeLine.cpp">
      <Filter>Sources\Algorithms</Filter>
    </ClCompile>
    <ClCompile Include="..\Sources\R_Role.cpp">
      <Filter>Sources\Roles</Filter>
    </ClCompile>
    <ClCompile Include="..\Sources\CM_CommandCastHast.cpp">
      <Filter>Sources\Command\Commands\cast</Filter>
    </ClCompile>
    <ClCompile Include="..\Sources\CM_CommandCastShield.cpp">
      <Filter>Sources\Command\Commands\cast</Filter>
    </ClCompile>
    <ClCompile Include="..\Sources\CM_MoveCommand.cpp">
      <Filter>Sources\Command</Filter>
    </ClCompile>
    <ClCompile Include="..\Sources\Tests\S_TestDodgeStrategy.cpp">
      <Filter>Sources\Strategy\Strategy\Tests</Filter>
    </ClCompile>
    <ClCompile Include="..\Sources\A_WinPredictor.cpp">
      <Filter>Sources\Algorithms</Filter>
    </ClCompile>
    <ClCompile Include="..\Sources\R_SkillBuild.cpp">
      <Filter>Sources\Roles</Filter>
    </ClCompile>
    <ClCompile Include="..\Sources\S_BaseStrategy.cpp">
      <Filter>Sources\Strategy\Strategy</Filter>
    </ClCompile>
    <ClCompile Include="..\Sources\T_Session.cpp">
      <Filter>Sources\Tactics</Filter>
    </ClCompile>
  </ItemGroup>
  <ItemGroup>
    <ClInclude Include="..\Sources\MyStrategy.h">
      <Filter>Sources</Filter>
    </ClInclude>
    <ClInclude Include="..\Sources\C_Logger.h">
      <Filter>Sources\Common</Filter>
    </ClInclude>
    <ClInclude Include="..\Sources\C_Singleton.h">
      <Filter>Sources\Common</Filter>
    </ClInclude>
    <ClInclude Include="..\Sources\C_Vector2D.h">
      <Filter>Sources\Common</Filter>
    </ClInclude>
    <ClInclude Include="..\Sources\E_World.h">
      <Filter>Sources\Environment</Filter>
    </ClInclude>
    <ClInclude Include="..\Sources\CM_Command.h">
      <Filter>Sources\Command</Filter>
    </ClInclude>
    <ClInclude Include="..\Sources\CM_CommandFabric.h">
      <Filter>Sources\Command</Filter>
    </ClInclude>
    <ClInclude Include="..\Sources\CM_CommandFollow.h">
      <Filter>Sources\Command\Commands\move</Filter>
    </ClInclude>
    <ClInclude Include="..\Sources\CM_CommandMoveToLine.h">
      <Filter>Sources\Command\Commands\move</Filter>
    </ClInclude>
    <ClInclude Include="..\Sources\CM_CommandMoveToPoint.h">
      <Filter>Sources\Command\Commands\move</Filter>
    </ClInclude>
    <ClInclude Include="..\Sources\CM_CommandPool.h">
      <Filter>Sources\Command\Commands\attack</Filter>
    </ClInclude>
    <ClInclude Include="..\Sources\E_Game.h">
      <Filter>Sources\Environment</Filter>
    </ClInclude>
    <ClInclude Include="..\Sources\E_Types.h">
      <Filter>Sources\Environment</Filter>
    </ClInclude>
    <ClInclude Include="..\Sources\C_Math.h">
      <Filter>Sources\Common</Filter>
    </ClInclude>
    <ClInclude Include="..\Sources\Visualizator\Visualizator.h">
      <Filter>Sources\Visualizator</Filter>
    </ClInclude>
    <ClInclude Include="..\Sources\CM_CommandMoveGetExpirience.h">
      <Filter>Sources\Command\Commands\move</Filter>
    </ClInclude>
    <ClInclude Include="..\Sources\CM_CommandMoveToBonus.h">
      <Filter>Sources\Command\Commands\move</Filter>
    </ClInclude>
    <ClInclude Include="..\Sources\C_Extensions.h">
      <Filter>Sources\Common</Filter>
    </ClInclude>
    <ClInclude Include="..\Sources\A_Move.h">
      <Filter>Sources\Algorithms</Filter>
    </ClInclude>
    <ClInclude Include="..\Sources\A_Attack.h">
      <Filter>Sources\Algorithms</Filter>
    </ClInclude>
    <ClInclude Include="..\Sources\S_CommandStrategy.h">
      <Filter>Sources\Strategy</Filter>
    </ClInclude>
    <ClInclude Include="..\Sources\Tests\S_TestFollowStrategy.h">
      <Filter>Sources\Strategy\Strategy\Tests</Filter>
    </ClInclude>
    <ClInclude Include="..\Sources\Tests\S_TestMoveAndAttackStrategy.h">
      <Filter>Sources\Strategy\Strategy\Tests</Filter>
    </ClInclude>
    <ClInclude Include="..\Sources\Tests\S_TestMoveStrategy.h">
      <Filter>Sources\Strategy\Strategy\Tests</Filter>
    </ClInclude>
    <ClInclude Include="..\Sources\S_StrategyManager.h">
      <Filter>Sources\Strategy</Filter>
    </ClInclude>
    <ClInclude Include="..\Sources\CM_MoveCommand.h">
      <Filter>Sources\Command</Filter>
    </ClInclude>
    <ClInclude Include="..\Sources\A_Exec.h">
      <Filter>Sources\Algorithms</Filter>
    </ClInclude>
    <ClInclude Include="..\Sources\E_WorldObjects.h">
      <Filter>Sources\Environment</Filter>
    </ClInclude>
    <ClInclude Include="..\Sources\A_PathFinder.h">
      <Filter>Sources\Algorithms</Filter>
    </ClInclude>
    <ClInclude Include="..\Sources\E_Points.h">
      <Filter>Sources\Environment</Filter>
    </ClInclude>
    <ClInclude Include="..\Sources\E_HypotheticalEnemies.h">
      <Filter>Sources\Environment</Filter>
    </ClInclude>
    <ClInclude Include="..\Sources\E_InfluenceMap.h">
      <Filter>Sources\Environment</Filter>
    </ClInclude>
    <ClInclude Include="..\Sources\CM_MovePriorities.h">
      <Filter>Sources\Command\Commands</Filter>
    </ClInclude>
    <ClInclude Include="..\Sources\CM_AttackPriorities.h">
      <Filter>Sources\Command\Commands</Filter>
    </ClInclude>
    <ClInclude Include="..\Sources\R_Role.h">
      <Filter>Sources\Roles</Filter>
    </ClInclude>
    <ClInclude Include="..\Sources\E_Wizard.h">
      <Filter>Sources\Environment</Filter>
    </ClInclude>
    <ClInclude Include="..\Sources\CM_CommandFollowAttackEnemy.h">
      <Filter>Sources\Command\Commands\attack</Filter>
    </ClInclude>
    <ClInclude Include="..\Sources\CM_CommandAttackWizard.h">
      <Filter>Sources\Command\Commands\attack</Filter>
    </ClInclude>
    <ClInclude Include="..\Sources\CM_CommandAttackMinion.h">
      <Filter>Sources\Command\Commands\attack</Filter>
    </ClInclude>
    <ClInclude Include="..\Sources\CM_CommandAttackBuild.h">
      <Filter>Sources\Command\Commands\attack</Filter>
    </ClInclude>
    <ClInclude Include="..\Sources\CM_CommandAttackTree.h">
      <Filter>Sources\Command\Commands\attack</Filter>
    </ClInclude>
    <ClInclude Include="..\Sources\CM_CommandAttackFireball.h">
      <Filter>Sources\Command\Commands\attack</Filter>
    </ClInclude>
    <ClInclude Include="..\Sources\CM_CommandAttackFrostbolt.h">
      <Filter>Sources\Command\Commands\attack</Filter>
    </ClInclude>
    <ClInclude Include="..\Sources\CM_CommandAvoidMinion.h">
      <Filter>Sources\Command\Commands\defend</Filter>
    </ClInclude>
    <ClInclude Include="..\Sources\CM_CommandAvoidBuild.h">
      <Filter>Sources\Command\Commands\defend</Filter>
    </ClInclude>
    <ClInclude Include="..\Sources\CM_CommandAvoidWizard.h">
      <Filter>Sources\Command\Commands\defend</Filter>
    </ClInclude>
    <ClInclude Include="..\Sources\CM_CommandAvoidProjectile.h">
      <Filter>Sources\Command\Commands\defend</Filter>
    </ClInclude>
    <ClInclude Include="..\Sources\CM_TurnPriority.h">
      <Filter>Sources\Command\Commands</Filter>
    </ClInclude>
    <ClInclude Include="..\Sources\A_ChangeLine.h">
      <Filter>Sources\Algorithms</Filter>
    </ClInclude>
    <ClInclude Include="..\Sources\CM_CommandCastHast.h">
      <Filter>Sources\Command\Commands\cast</Filter>
    </ClInclude>
    <ClInclude Include="..\Sources\CM_CastCommand.h">
      <Filter>Sources\Command</Filter>
    </ClInclude>
    <ClInclude Include="..\Sources\CM_CommandCastShield.h">
      <Filter>Sources\Command\Commands\cast</Filter>
    </ClInclude>
    <ClInclude Include="..\Sources\Tests\S_TestDodgeStrategy.h">
      <Filter>Sources\Strategy\Strategy\Tests</Filter>
    </ClInclude>
    <ClInclude Include="..\Sources\A_WinPredictor.h">
      <Filter>Sources\Algorithms</Filter>
    </ClInclude>
    <ClInclude Include="..\Sources\E_Bullet.h">
      <Filter>Sources\Environment</Filter>
    </ClInclude>
    <ClInclude Include="..\Sources\R_SkillBuild.h">
      <Filter>Sources\Roles</Filter>
    </ClInclude>
    <ClInclude Include="..\Sources\R_Standard.h">
      <Filter>Sources\Roles</Filter>
    </ClInclude>
    <ClInclude Include="..\Sources\T_Session.h">
      <Filter>Sources\Tactics</Filter>
    </ClInclude>
    <ClInclude Include="..\Sources\S_StrategyType.h">
      <Filter>Sources\Strategy</Filter>
    </ClInclude>
    <ClInclude Include="..\Sources\S_BaseStrategy.h">
      <Filter>Sources\Strategy\Strategy</Filter>
    </ClInclude>
  </ItemGroup>
  <ItemGroup>
    <None Include="..\..\..\local-runner\read.me" />
    <None Include="..\..\..\local-runner\local-runner.properties" />
  </ItemGroup>
</Project>